
Microsoft Visual Studio Solution File, Format Version 12.00
# Visual Studio Version 17
VisualStudioVersion = 17.3.32819.101
MinimumVisualStudioVersion = 10.0.40219.1
Project("{FAE04EC0-301F-11D3-BF4B-00C04F79EFBC}") = "HW35", "HW35\HW35.csproj", "{0F34489A-AB3D-4DA0-975F-7BC8B7D1B36A}"
EndProject
Global
	GlobalSection(SolutionConfigurationPlatforms) = preSolution
		Debug|Any CPU = Debug|Any CPU
		Release|Any CPU = Release|Any CPU
	EndGlobalSection
	GlobalSection(ProjectConfigurationPlatforms) = postSolution
		{0F34489A-AB3D-4DA0-975F-7BC8B7D1B36A}.Debug|Any CPU.ActiveCfg = Debug|Any CPU
		{0F34489A-AB3D-4DA0-975F-7BC8B7D1B36A}.Debug|Any CPU.Build.0 = Debug|Any CPU
		{0F34489A-AB3D-4DA0-975F-7BC8B7D1B36A}.Release|Any CPU.ActiveCfg = Release|Any CPU
		{0F34489A-AB3D-4DA0-975F-7BC8B7D1B36A}.Release|Any CPU.Build.0 = Release|Any CPU
	EndGlobalSection
	GlobalSection(SolutionProperties) = preSolution
		HideSolutionNode = FALSE
	EndGlobalSection
	GlobalSection(ExtensibilityGlobals) = postSolution
		SolutionGuid = {0E9FB90B-AE97-4ECB-A49E-AEE2A72F3AAA}
	EndGlobalSection
EndGlobal
